
Microsoft Visual Studio Solution File, Format Version 12.00
# Visual Studio Version 17
VisualStudioVersion = 17.13.35825.156 d17.13
MinimumVisualStudioVersion = 10.0.40219.1
Project("{FAE04EC0-301F-11D3-BF4B-00C04F79EFBC}") = "TestWebApi", "TestWebApi\TestWebApi.csproj", "{F7B18ECE-F359-472A-9EC7-1EDA169143FB}"
EndProject
Project("{FAE04EC0-301F-11D3-BF4B-00C04F79EFBC}") = "Entities", "Entities\Entities.csproj", "{E1515295-4CCA-4775-AD4B-2540C61A2A07}"
EndProject
Global
	GlobalSection(SolutionConfigurationPlatforms) = preSolution
		Debug|Any CPU = Debug|Any CPU
		Release|Any CPU = Release|Any CPU
	EndGlobalSection
	GlobalSection(ProjectConfigurationPlatforms) = postSolution
		{F7B18ECE-F359-472A-9EC7-1EDA169143FB}.Debug|Any CPU.ActiveCfg = Debug|Any CPU
		{F7B18ECE-F359-472A-9EC7-1EDA169143FB}.Debug|Any CPU.Build.0 = Debug|Any CPU
		{F7B18ECE-F359-472A-9EC7-1EDA169143FB}.Release|Any CPU.ActiveCfg = Release|Any CPU
		{F7B18ECE-F359-472A-9EC7-1EDA169143FB}.Release|Any CPU.Build.0 = Release|Any CPU
		{E1515295-4CCA-4775-AD4B-2540C61A2A07}.Debug|Any CPU.ActiveCfg = Debug|Any CPU
		{E1515295-4CCA-4775-AD4B-2540C61A2A07}.Debug|Any CPU.Build.0 = Debug|Any CPU
		{E1515295-4CCA-4775-AD4B-2540C61A2A07}.Release|Any CPU.ActiveCfg = Release|Any CPU
		{E1515295-4CCA-4775-AD4B-2540C61A2A07}.Release|Any CPU.Build.0 = Release|Any CPU
	EndGlobalSection
	GlobalSection(SolutionProperties) = preSolution
		HideSolutionNode = FALSE
	EndGlobalSection
	GlobalSection(ExtensibilityGlobals) = postSolution
		SolutionGuid = {55DCD613-AF8C-43BC-A691-8AA233FC2DDA}
	EndGlobalSection
EndGlobal
